{
    "_meta": {
        "hash": {
            "sha256": "f4622aa2d41dd868cf5b2c5d001ac691e2693c1b0c8c3ef2b940ac2250ca303a"
        },
        "pipfile-spec": 6,
        "requires": {
            "python_version": "3.6"
        },
        "sources": [
            {
                "name": "pypi",
                "url": "https://pypi.org/simple",
                "verify_ssl": true
            }
        ]
    },
    "default": {
        "aiocontextvars": {
            "hashes": [
                "sha256:885daf8261818767d8f7cbd79f9d4482d118f024b6586ef6e67980236a27bfa3",
                "sha256:f027372dc48641f683c559f247bd84962becaacdc9ba711d583c3871fb5652aa"
            ],
            "markers": "python_version < '3.7'",
            "version": "==0.2.2"
        },
        "attrs": {
            "hashes": [
                "sha256:29e95c7f6778868dbd49170f98f8818f78f3dc5e0e37c0b1f474e3561b240836",
                "sha256:c9227bfc2f01993c03f68db37d1d15c9690188323c067c641f1a35ca58185f99"
            ],
            "markers": "python_version >= '3.6'",
            "version": "==22.2.0"
        },
        "bleach": {
            "hashes": [
                "sha256:0900d8b37eba61a802ee40ac0061f8c2b5dee29c1927dd1d233e075ebf5a71da",
                "sha256:4d2651ab93271d1129ac9cbc679f524565cc8a1b791909c4a51eac4446a15994"
            ],
            "markers": "python_version >= '3.6'",
            "version": "==4.1.0"
        },
        "boto3": {
            "hashes": [
                "sha256:05f7ae180813fbf11cb7397b43b6bd29463abdc246bee58127836f1a8f6a9a2f",
                "sha256:3480c87b530e7f41d9264a6725dda68208de2697822cf02cd3a541b001872410"
            ],
            "index": "pypi",
            "version": "==1.11.9"
        },
        "botocore": {
            "hashes": [
                "sha256:02fe4673ab0c62393dc81c85fe0c65ae84f66cf55b0e0dbda785cf3e68b25762",
                "sha256:75c759fcd89c4b2c717b40c2bd43915716bf15cfb7fb5bfccdc9bd9f697ac75f"
            ],
            "version": "==1.14.17"
        },
        "certifi": {
            "hashes": [
                "sha256:35824b4c3a97115964b408844d64aa14db1cc518f6562e8d7261699d1350a9e3",
                "sha256:4ad3232f5e926d6718ec31cfc1fcadfde020920e278684144551c91769c7bc18"
            ],
            "markers": "python_version >= '3.6'",
            "version": "==2022.12.7"
        },
        "cffi": {
            "hashes": [
                "sha256:00a9ed42e88df81ffae7a8ab6d9356b371399b91dbdf0c3cb1e84c03a13aceb5",
                "sha256:03425bdae262c76aad70202debd780501fabeaca237cdfddc008987c0e0f59ef",
                "sha256:04ed324bda3cda42b9b695d51bb7d54b680b9719cfab04227cdd1e04e5de3104",
                "sha256:0e2642fe3142e4cc4af0799748233ad6da94c62a8bec3a6648bf8ee68b1c7426",
                "sha256:173379135477dc8cac4bc58f45db08ab45d228b3363adb7af79436135d028405",
                "sha256:198caafb44239b60e252492445da556afafc7d1e3ab7a1fb3f0584ef6d742375",
                "sha256:1e74c6b51a9ed6589199c787bf5f9875612ca4a8a0785fb2d4a84429badaf22a",
                "sha256:2012c72d854c2d03e45d06ae57f40d78e5770d252f195b93f581acf3ba44496e",
                "sha256:21157295583fe8943475029ed5abdcf71eb3911894724e360acff1d61c1d54bc",
                "sha256:2470043b93ff09bf8fb1d46d1cb756ce6132c54826661a32d4e4d132e1977adf",
                "sha256:285d29981935eb726a4399badae8f0ffdff4f5050eaa6d0cfc3f64b857b77185",
                "sha256:30d78fbc8ebf9c92c9b7823ee18eb92f2e6ef79b45ac84db507f52fbe3ec4497",
                "sha256:320dab6e7cb2eacdf0e658569d2575c4dad258c0fcc794f46215e1e39f90f2c3",
                "sha256:33ab79603146aace82c2427da5ca6e58f2b3f2fb5da893ceac0c42218a40be35",
                "sha256:3548db281cd7d2561c9ad9984681c95f7b0e38881201e157833a2342c30d5e8c",
                "sha256:3799aecf2e17cf585d977b780ce79ff0dc9b78d799fc694221ce814c2c19db83",
                "sha256:39d39875251ca8f612b6f33e6b1195af86d1b3e60086068be9cc053aa4376e21",
                "sha256:3b926aa83d1edb5aa5b427b4053dc420ec295a08e40911296b9eb1b6170f6cca",
                "sha256:3bcde07039e586f91b45c88f8583ea7cf7a0770df3a1649627bf598332cb6984",
                "sha256:3d08afd128ddaa624a48cf2b859afef385b720bb4b43df214f85616922e6a5ac",
                "sha256:3eb6971dcff08619f8d91607cfc726518b6fa2a9eba42856be181c6d0d9515fd",
                "sha256:40f4774f5a9d4f5e344f31a32b5096977b5d48560c5592e2f3d2c4374bd543ee",
                "sha256:4289fc34b2f5316fbb762d75362931e351941fa95fa18789191b33fc4cf9504a",
                "sha256:470c103ae716238bbe698d67ad020e1db9d9dba34fa5a899b5e21577e6d52ed2",
                "sha256:4f2c9f67e9821cad2e5f480bc8d83b8742896f1242dba247911072d4fa94c192",
                "sha256:50a74364d85fd319352182ef59c5c790484a336f6db772c1a9231f1c3ed0cbd7",
                "sha256:54a2db7b78338edd780e7ef7f9f6c442500fb0d41a5a4ea24fff1c929d5af585",
                "sha256:5635bd9cb9731e6d4a1132a498dd34f764034a8ce60cef4f5319c0541159392f",
                "sha256:59c0b02d0a6c384d453fece7566d1c7e6b7bae4fc5874ef2ef46d56776d61c9e",
                "sha256:5d598b938678ebf3c67377cdd45e09d431369c3b1a5b331058c338e201f12b27",
                "sha256:5df2768244d19ab7f60546d0c7c63ce1581f7af8b5de3eb3004b9b6fc8a9f84b",
                "sha256:5ef34d190326c3b1f822a5b7a45f6c4535e2f47ed06fec77d3d799c450b2651e",
                "sha256:6975a3fac6bc83c4a65c9f9fcab9e47019a11d3d2cf7f3c0d03431bf145a941e",
                "sha256:6c9a799e985904922a4d207a94eae35c78ebae90e128f0c4e521ce339396be9d",
                "sha256:70df4e3b545a17496c9b3f41f5115e69a4f2e77e94e1d2a8e1070bc0c38c8a3c",
                "sha256:7473e861101c9e72452f9bf8acb984947aa1661a7704553a9f6e4baa5ba64415",
                "sha256:8102eaf27e1e448db915d08afa8b41d6c7ca7a04b7d73af6514df10a3e74bd82",
                "sha256:87c450779d0914f2861b8526e035c5e6da0a3199d8f1add1a665e1cbc6fc6d02",
                "sha256:8b7ee99e510d7b66cdb6c593f21c043c248537a32e0bedf02e01e9553a172314",
                "sha256:91fc98adde3d7881af9b59ed0294046f3806221863722ba7d8d120c575314325",
                "sha256:94411f22c3985acaec6f83c6df553f2dbe17b698cc7f8ae751ff2237d96b9e3c",
                "sha256:98d85c6a2bef81588d9227dde12db8a7f47f639f4a17c9ae08e773aa9c697bf3",
                "sha256:9ad5db27f9cabae298d151c85cf2bad1d359a1b9c686a275df03385758e2f914",
                "sha256:a0b71b1b8fbf2b96e41c4d990244165e2c9be83d54962a9a1d118fd8657d2045",
                "sha256:a0f100c8912c114ff53e1202d0078b425bee3649ae34d7b070e9697f93c5d52d",
                "sha256:a591fe9e525846e4d154205572a029f653ada1a78b93697f3b5a8f1f2bc055b9",
                "sha256:a5c84c68147988265e60416b57fc83425a78058853509c1b0629c180094904a5",
                "sha256:a66d3508133af6e8548451b25058d5812812ec3798c886bf38ed24a98216fab2",
                "sha256:a8c4917bd7ad33e8eb21e9a5bbba979b49d9a97acb3a803092cbc1133e20343c",
                "sha256:b3bbeb01c2b273cca1e1e0c5df57f12dce9a4dd331b4fa1635b8bec26350bde3",
                "sha256:cba9d6b9a7d64d4bd46167096fc9d2f835e25d7e4c121fb2ddfc6528fb0413b2",
                "sha256:cc4d65aeeaa04136a12677d3dd0b1c0c94dc43abac5860ab33cceb42b801c1e8",
                "sha256:ce4bcc037df4fc5e3d184794f27bdaab018943698f4ca31630bc7f84a7b69c6d",
                "sha256:cec7d9412a9102bdc577382c3929b337320c4c4c4849f2c5cdd14d7368c5562d",
                "sha256:d400bfb9a37b1351253cb402671cea7e89bdecc294e8016a707f6d1d8ac934f9",
                "sha256:d61f4695e6c866a23a21acab0509af1cdfd2c013cf256bbf5b6b5e2695827162",
                "sha256:db0fbb9c62743ce59a9ff687eb5f4afbe77e5e8403d6697f7446e5f609976f76",
                "sha256:dd86c085fae2efd48ac91dd7ccffcfc0571387fe1193d33b6394db7ef31fe2a4",
                "sha256:e00b098126fd45523dd056d2efba6c5a63b71ffe9f2bbe1a4fe1716e1d0c331e",
                "sha256:e229a521186c75c8ad9490854fd8bbdd9a0c9aa3a524326b55be83b54d4e0ad9",
                "sha256:e263d77ee3dd201c3a142934a086a4450861778baaeeb45db4591ef65550b0a6",
                "sha256:ed9cb427ba5504c1dc15ede7d516b84757c3e3d7868ccc85121d9310d27eed0b",
                "sha256:fa6693661a4c91757f4412306191b6dc88c1703f780c8234035eac011922bc01",
                "sha256:fcd131dd944808b5bdb38e6f5b53013c5aa4f334c5cad0c72742f6eba4b73db0"
            ],
            "version": "==1.15.1"
        },
        "charset-normalizer": {
            "hashes": [
                "sha256:2857e29ff0d34db842cd7ca3230549d1a697f96ee6d3fb071cfa6c7393832597",
                "sha256:6881edbebdb17b39b4eaaa821b438bf6eddffb4468cf344f09f89def34a8b1df"
            ],
            "markers": "python_version >= '3'",
            "version": "==2.0.12"
        },
        "click": {
            "hashes": [
                "sha256:2335065e6395b9e67ca716de5f7526736bfa6ceead690adf616d925bdc622b13",
                "sha256:5b94b49521f6456670fdb30cd82a4eca9412788a93fa6dd6df72c94d5a8ff2d7"
            ],
            "markers": "python_version >= '2.7' and python_version not in '3.0, 3.1, 3.2, 3.3'",
            "version": "==7.0"
        },
        "colorama": {
            "hashes": [
                "sha256:463f8483208e921368c9f306094eb6f725c6ca42b0f97e313cb5d5512459feda",
                "sha256:48eb22f4f8461b1df5734a074b57042430fb06e1d61bd1e11b078c0fe6d7a1f1"
            ],
            "version": "==0.3.9"
        },
        "contextvars": {
            "hashes": [
                "sha256:f38c908aaa59c14335eeea12abea5f443646216c4e29380d7bf34d2018e2c39e"
            ],
            "markers": "python_version < '3.7'",
            "version": "==2.4"
        },
        "coverage": {
            "hashes": [
                "sha256:01774a2c2c729619760320270e42cd9e797427ecfddd32c2a7b639cdc481f3c0",
                "sha256:03b20e52b7d31be571c9c06b74746746d4eb82fc260e594dc662ed48145e9efd",
                "sha256:0a7726f74ff63f41e95ed3a89fef002916c828bb5fcae83b505b49d81a066884",
                "sha256:1219d760ccfafc03c0822ae2e06e3b1248a8e6d1a70928966bafc6838d3c9e48",
                "sha256:13362889b2d46e8d9f97c421539c97c963e34031ab0cb89e8ca83a10cc71ac76",
                "sha256:174cf9b4bef0db2e8244f82059a5a72bd47e1d40e71c68ab055425172b16b7d0",
                "sha256:17e6c11038d4ed6e8af1407d9e89a2904d573be29d51515f14262d7f10ef0a64",
                "sha256:215f8afcc02a24c2d9a10d3790b21054b58d71f4b3c6f055d4bb1b15cecce685",
                "sha256:22e60a3ca5acba37d1d4a2ee66e051f5b0e1b9ac950b5b0cf4aa5366eda41d47",
                "sha256:2641f803ee9f95b1f387f3e8f3bf28d83d9b69a39e9911e5bfee832bea75240d",
                "sha256:276651978c94a8c5672ea60a2656e95a3cce2a3f31e9fb2d5ebd4c215d095840",
                "sha256:3f7c17209eef285c86f819ff04a6d4cbee9b33ef05cbcaae4c0b4e8e06b3ec8f",
                "sha256:3feac4084291642165c3a0d9eaebedf19ffa505016c4d3db15bfe235718d4971",
                "sha256:49dbff64961bc9bdd2289a2bda6a3a5a331964ba5497f694e2cbd540d656dc1c",
                "sha256:4e547122ca2d244f7c090fe3f4b5a5861255ff66b7ab6d98f44a0222aaf8671a",
                "sha256:5829192582c0ec8ca4a2532407bc14c2f338d9878a10442f5d03804a95fac9de",
                "sha256:5d6b09c972ce9200264c35a1d53d43ca55ef61836d9ec60f0d44273a31aa9f17",
                "sha256:600617008aa82032ddeace2535626d1bc212dfff32b43989539deda63b3f36e4",
                "sha256:619346d57c7126ae49ac95b11b0dc8e36c1dd49d148477461bb66c8cf13bb521",
                "sha256:63c424e6f5b4ab1cf1e23a43b12f542b0ec2e54f99ec9f11b75382152981df57",
                "sha256:6dbc1536e105adda7a6312c778f15aaabe583b0e9a0b0a324990334fd458c94b",
                "sha256:6e1394d24d5938e561fbeaa0cd3d356207579c28bd1792f25a068743f2d5b282",
                "sha256:86f2e78b1eff847609b1ca8050c9e1fa3bd44ce755b2ec30e70f2d3ba3844644",
                "sha256:8bdfe9ff3a4ea37d17f172ac0dff1e1c383aec17a636b9b35906babc9f0f5475",
                "sha256:8e2c35a4c1f269704e90888e56f794e2d9c0262fb0c1b1c8c4ee44d9b9e77b5d",
                "sha256:92b8c845527eae547a2a6617d336adc56394050c3ed8a6918683646328fbb6da",
                "sha256:9365ed5cce5d0cf2c10afc6add145c5037d3148585b8ae0e77cc1efdd6aa2953",
                "sha256:9a29311bd6429be317c1f3fe4bc06c4c5ee45e2fa61b2a19d4d1d6111cb94af2",
                "sha256:9a2b5b52be0a8626fcbffd7e689781bf8c2ac01613e77feda93d96184949a98e",
                "sha256:a4bdeb0a52d1d04123b41d90a4390b096f3ef38eee35e11f0b22c2d031222c6c",
                "sha256:a9c8c4283e17690ff1a7427123ffb428ad6a52ed720d550e299e8291e33184dc",
                "sha256:b637c57fdb8be84e91fac60d9325a66a5981f8086c954ea2772efe28425eaf64",
                "sha256:bf154ba7ee2fd613eb541c2bc03d3d9ac667080a737449d1a3fb342740eb1a74",
                "sha256:c254b03032d5a06de049ce8bca8338a5185f07fb76600afff3c161e053d88617",
                "sha256:c332d8f8d448ded473b97fefe4a0983265af21917d8b0cdcb8bb06b2afe632c3",
                "sha256:c7912d1526299cb04c88288e148c6c87c0df600eca76efd99d84396cfe00ef1d",
                "sha256:cfd9386c1d6f13b37e05a91a8583e802f8059bebfccde61a418c5808dea6bbfa",
                "sha256:d5d2033d5db1d58ae2d62f095e1aefb6988af65b4b12cb8987af409587cc0739",
                "sha256:dca38a21e4423f3edb821292e97cec7ad38086f84313462098568baedf4331f8",
                "sha256:e2cad8093172b7d1595b4ad66f24270808658e11acf43a8f95b41276162eb5b8",
                "sha256:e3db840a4dee542e37e09f30859f1612da90e1c5239a6a2498c473183a50e781",
                "sha256:edcada2e24ed68f019175c2b2af2a8b481d3d084798b8c20d15d34f5c733fa58",
                "sha256:f467bbb837691ab5a8ca359199d3429a11a01e6dfb3d9dcc676dc035ca93c0a9",
                "sha256:f506af4f27def639ba45789fa6fde45f9a217da0be05f8910458e4557eed020c",
                "sha256:f614fc9956d76d8a88a88bb41ddc12709caa755666f580af3a688899721efecd",
                "sha256:f9afb5b746781fc2abce26193d1c817b7eb0e11459510fba65d2bd77fe161d9e",
                "sha256:fb8b8ee99b3fffe4fd86f4c81b35a6bf7e4462cba019997af2fe679365db0c49"
            ],
            "markers": "python_version >= '3.6'",
            "version": "==6.2"
        },
        "cryptography": {
            "hashes": [
                "sha256:0f8da300b5c8af9f98111ffd512910bc792b4c77392a9523624680f7956a99d4",
                "sha256:35f7c7d015d474f4011e859e93e789c87d21f6f4880ebdc29896a60403328f1f",
                "sha256:5aa67414fcdfa22cf052e640cb5ddc461924a045cacf325cd164e65312d99502",
                "sha256:5d2d8b87a490bfcd407ed9d49093793d0f75198a35e6eb1a923ce1ee86c62b41",
                "sha256:6687ef6d0a6497e2b58e7c5b852b53f62142cfa7cd1555795758934da363a965",
                "sha256:6f8ba7f0328b79f08bdacc3e4e66fb4d7aab0c3584e0bd41328dce5262e26b2e",
                "sha256:706843b48f9a3f9b9911979761c91541e3d90db1ca905fd63fee540a217698bc",
                "sha256:807ce09d4434881ca3a7594733669bd834f5b2c6d5c7e36f8c00f691887042ad",
                "sha256:83e17b26de248c33f3acffb922748151d71827d6021d98c70e6c1a25ddd78505",
                "sha256:96f1157a7c08b5b189b16b47bc9db2332269d6680a196341bf30046330d15388",
                "sha256:aec5a6c9864be7df2240c382740fcf3b96928c46604eaa7f3091f58b878c0bb6",
                "sha256:b0afd054cd42f3d213bf82c629efb1ee5f22eba35bf0eec88ea9ea7304f511a2",
                "sha256:ced4e447ae29ca194449a3f1ce132ded8fcab06971ef5f618605aacaa612beac",
                "sha256:d1f6198ee6d9148405e49887803907fe8962a23e6c6f83ea7d98f1c0de375695",
                "sha256:e124352fd3db36a9d4a21c1aa27fd5d051e621845cb87fb851c08f4f75ce8be6",
                "sha256:e422abdec8b5fa8462aa016786680720d78bdce7a30c652b7fadf83a4ba35336",
                "sha256:ef8b72fa70b348724ff1218267e7f7375b8de4e8194d1636ee60510aae104cd0",
                "sha256:f0c64d1bd842ca2633e74a1a28033d139368ad959872533b1bab8c80e8240a0c",
                "sha256:f24077a3b5298a5a06a8e0536e3ea9ec60e4c7ac486755e5fb6e6ea9b3500106",
                "sha256:fdd188c8a6ef8769f148f88f859884507b954cc64db6b52f66ef199bb9ad660a",
                "sha256:fe913f20024eb2cb2f323e42a64bdf2911bb9738a15dba7d3cce48151034e3a8"
            ],
            "index": "pypi",
            "version": "==39.0.1"
        },
        "decorator": {
            "hashes": [
                "sha256:637996211036b6385ef91435e4fae22989472f9d571faba8927ba8253acbc330",
                "sha256:b8c3f85900b9dc423225913c5aace94729fe1fa9763b38939a95226f02d37186"
            ],
            "markers": "python_version >= '3.5'",
            "version": "==5.1.1"
        },
        "dill": {
            "hashes": [
                "sha256:42d8ef819367516592a825746a18073ced42ca169ab1f5f4044134703e7a049c"
            ],
            "index": "pypi",
            "version": "==0.3.1.1"
        },
        "docutils": {
            "hashes": [
                "sha256:6c4f696463b79f1fb8ba0c594b63840ebd41f059e92b31957c46b74a4599b6d0",
                "sha256:9e4d7ecfc600058e07ba661411a2b7de2fd0fafa17d1a7f7361cd47b1175c827",
                "sha256:a2aeea129088da402665e92e0b25b04b073c04b2dce4ab65caaa38b7ce2e1a99"
            ],
            "markers": "python_version >= '2.6' and python_version not in '3.0, 3.1, 3.2, 3.3'",
            "version": "==0.15.2"
        },
        "idna": {
            "hashes": [
                "sha256:814f528e8dead7d329833b91c5faa87d60bf71824cd12a7530b5526063d02cb4",
                "sha256:90b77e79eaa3eba6de819a0c442c0b4ceefc341a7a2ab77d7562bf49f425c5c2"
            ],
            "markers": "python_version >= '3'",
            "version": "==3.4"
        },
        "immutables": {
            "hashes": [
                "sha256:0575190a90c3fce6862ccdb09be3344741ff97a96e559893541886d372139f1c",
                "sha256:10774f73af07b1648fa02f45f6ff88b3391feda65d4f640159e6eeec10540ece",
                "sha256:119c60a05cb35add45c1e592e23a5cbb9db03161bb89d1596b920d9341173982",
                "sha256:199db9070ffa1a037e6650ddd63159907a210e4998f932bdf50e70615629db0c",
                "sha256:1cbd4d9dc531ee24b2387141a5968e923bb6174d13695e730cde0887aadda557",
                "sha256:1d55b886e92ef5abfc4b066f404d956ca5789a2f8f738d448300fba40930a631",
                "sha256:24dbdc28779a2b75e06224609f4fc850ba61b7e1b74e32ec808c6430a535be2d",
                "sha256:25a6225efb5e96fc95d84b2d280e35d8a82a1ae72a12857177d48cc289ac1e03",
                "sha256:28d1ee66424c2db998d27ebe0a331c7e09627e54a402848b2897cb6ef4dc4d7e",
                "sha256:2d88ff44e131508def4740964076c3da273baeeb406c1fe139f18373ea4196dd",
                "sha256:3754b26ef18b5d1009ffdeafc17fbd877a79f0a126e1423069bd8ef51c54302d",
                "sha256:37de95c1d79707d95f50d0ab79e067bee52381afc967ff031ac4c822c14f43a8",
                "sha256:3fbad255e404b4cbcf3477b384a1e400bd8f28cbbfc2df8d3885abe3bfc7b909",
                "sha256:40f1c3ab3ae690a55a2f61039705a110f0e23717d6d8a62a84600fc7cf5934dc",
                "sha256:41d8cae52ea527f9c6dccdf1e1553106c482496acc140523034f91877ccbc103",
                "sha256:480cc5d62efcac66f9737ae0820acd39d39e516e6fdbcf46cbdc26f11b429fd7",
                "sha256:50608784e33c88da8c0e06e75f6725865cf2e345c8f3eeb83cb85111f737e986",
                "sha256:52a91917c65e6b9cfef7a2d2c3b0e00432a153aa8650785b7ee0897d80226278",
                "sha256:5c0cf0d94b08e58896acf250cbc4682499c8a256fc6d0ee5c63d76a759a6a228",
                "sha256:620c166e76030ca4772ea64e5190f8347a730a0af85b743820d351f211004397",
                "sha256:648142e16d49f5207ae52ee1b28dfa148206471967b9c9eaa5a9592fd32d5cef",
                "sha256:64c74c5171f3a97b178b880746743a07b08e7d7f6055370bf04a94d50aea0643",
                "sha256:6660e185354a1cb59ecc130f2b85b50d666d4417be668ce6ba83d4be79f55d34",
                "sha256:6f857aec0e0455986fd1f41234c867c3daf5a89ff7f54d493d4eb3c233d36d3c",
                "sha256:7c6cce2e87cd5369234b199037631cfed08e43813a1fdd750807d14404de195b",
                "sha256:7da9356a163993e01785a211b47c6a0038b48d1235b68479a0053c2c4c3cf666",
                "sha256:7fa3148393101b0c4571da523929ae90a5b4bfc933c270a11b802a34a921c608",
                "sha256:85bcb5a7c33100c1b2eeb8c71e5f80acab4c9dde074b2c2ca8e3dfb6830ce813",
                "sha256:8ababf72ed2a956b28f151d605a7bb1d4e1c59113f53bf2be4a586da3977b319",
                "sha256:9b8c0a4264e3ba2f025f4517ce67f0d0869106a625dbda08758cbf4dd6b6dd1f",
                "sha256:a208a945ea817b1455b5b0f9c33c097baf6443b50d749a3dc32ff445e41b81d2",
                "sha256:bbe65c23779e12e0ecc3dec2c709ad22b7cc8b163895327bc173ae06a8b73425",
                "sha256:c1774f298db9d460e50c40dfc9cfe7dd8a0de22c22f1de9a1f9a468daa1201dc",
                "sha256:c830c9afc6fcb4a7d6d74230d6290987e664418026a15488ad00d8a3dc5ec743",
                "sha256:cfb62119b7302a37cb4a1db44234dab9acda60ba93e3c28489969722e85237b7",
                "sha256:df17942d60e8080835fcc5245aa6928ef4c1ed567570ec019185798195048dcf",
                "sha256:e95f0826f184920adb3cdf830f409f1c1d4e943e4dc50242538c4df9d51eea72",
                "sha256:ed61dbc963251bec7281cdb0c148176bbd70519d21fd05bce4c484632cdc3b2c",
                "sha256:eed8988dc4ebde8d527dbe4dea68cb9fe6d43bc56df60d6015130dc4abd2ab34",
                "sha256:f3096afb376b9b3651a3b92affd1896b4dcefde209f412572f7e3924f6749a49",
                "sha256:fef6743f8c3098ae46d9a2a3606b04a91c62e216487d91e90ce5c7419da3f803"
            ],
            "markers": "python_version >= '3.6'",
            "version": "==0.19"
        },
        "importlib-metadata": {
            "hashes": [
                "sha256:65a9576a5b2d58ca44d133c42a241905cc45e34d2c06fd5ba2bafa221e5d7b5e",
                "sha256:766abffff765960fcc18003801f7044eb6755ffae4521c8e8ce8e83b9c9b0668"
            ],
            "markers": "python_version < '3.8'",
            "version": "==4.8.3"
        },
        "importlib-resources": {
            "hashes": [
                "sha256:33a95faed5fc19b4bc16b29a6eeae248a3fe69dd55d4d229d2b480e23eeaad45",
                "sha256:d756e2f85dd4de2ba89be0b21dba2a3bbec2e871a42a3a16719258a11f87506b"
            ],
            "markers": "python_version < '3.7'",
            "version": "==5.4.0"
        },
        "jeepney": {
            "hashes": [
                "sha256:1b5a0ea5c0e7b166b2f5895b91a08c14de8915afda4407fb5022a195224958ac",
                "sha256:fa9e232dfa0c498bd0b8a3a73b8d8a31978304dcef0515adc859d4e096f96f4f"
            ],
            "markers": "sys_platform == 'linux'",
            "version": "==0.7.1"
        },
        "jinja2": {
            "hashes": [
                "sha256:03e47ad063331dd6a3f04a43eddca8a966a26ba0c5b7207a9a9e4e08f1b29419",
                "sha256:a6d58433de0ae800347cab1fa3043cebbabe8baa9d29e668f1c768cb87a333c6"
            ],
            "markers": "python_version >= '2.7' and python_version not in '3.0, 3.1, 3.2, 3.3, 3.4'",
            "version": "==2.11.3"
        },
        "jmespath": {
            "hashes": [
                "sha256:b85d0567b8666149a93172712e68920734333c0ce7e89b78b3e987f71e5ed4f9",
                "sha256:cdf6525904cc597730141d61b36f2e4b8ecc257c420fa2f4549bac2c2d0cb72f"
            ],
            "markers": "python_version >= '2.6' and python_version not in '3.0, 3.1, 3.2, 3.3'",
            "version": "==0.10.0"
        },
        "jsonpickle": {
            "hashes": [
                "sha256:7ace67f85a5cfd148e0d2b7defb63d97e856dd5151c092cc6c48dcc91f39f471",
                "sha256:9e899bcf94bb1ce6e17beccf880d096fd6221681faede55aa7a8349556822359"
            ],
            "markers": "python_version >= '2.7'",
            "version": "==1.5.2"
        },
        "keyring": {
            "hashes": [
                "sha256:17e49fb0d6883c2b4445359434dba95aad84aabb29bbff044ad0ed7100232eca",
                "sha256:89cbd74d4683ed164c8082fb38619341097741323b3786905c6dac04d6915a55"
            ],
            "markers": "python_version >= '3.6'",
            "version": "==23.4.1"
        },
        "loguru": {
            "hashes": [
                "sha256:074b3caa6748452c1e4f2b302093c94b65d5a4c5a4d7743636b4121e06437b0e",
                "sha256:a6101fd435ac89ba5205a105a26a6ede9e4ddbb4408a6e167852efca47806d11"
            ],
            "index": "pypi",
            "version": "==0.4.1"
        },
        "markupsafe": {
            "hashes": [
                "sha256:01a9b8ea66f1658938f65b93a85ebe8bc016e6769611be228d797c9d998dd298",
                "sha256:023cb26ec21ece8dc3907c0e8320058b2e0cb3c55cf9564da612bc325bed5e64",
                "sha256:0446679737af14f45767963a1a9ef7620189912317d095f2d9ffa183a4d25d2b",
                "sha256:04635854b943835a6ea959e948d19dcd311762c5c0c6e1f0e16ee57022669194",
                "sha256:0717a7390a68be14b8c793ba258e075c6f4ca819f15edfc2a3a027c823718567",
                "sha256:0955295dd5eec6cb6cc2fe1698f4c6d84af2e92de33fbcac4111913cd100a6ff",
                "sha256:0d4b31cc67ab36e3392bbf3862cfbadac3db12bdd8b02a2731f509ed5b829724",
                "sha256:10f82115e21dc0dfec9ab5c0223652f7197feb168c940f3ef61563fc2d6beb74",
                "sha256:168cd0a3642de83558a5153c8bd34f175a9a6e7f6dc6384b9655d2697312a646",
                "sha256:1d609f577dc6e1aa17d746f8bd3c31aa4d258f4070d61b2aa5c4166c1539de35",
                "sha256:1f2ade76b9903f39aa442b4aadd2177decb66525062db244b35d71d0ee8599b6",
                "sha256:20dca64a3ef2d6e4d5d615a3fd418ad3bde77a47ec8a23d984a12b5b4c74491a",
                "sha256:2a7d351cbd8cfeb19ca00de495e224dea7e7d919659c2841bbb7f420ad03e2d6",
                "sha256:2d7d807855b419fc2ed3e631034685db6079889a1f01d5d9dac950f764da3dad",
                "sha256:2ef54abee730b502252bcdf31b10dacb0a416229b72c18b19e24a4509f273d26",
                "sha256:36bc903cbb393720fad60fc28c10de6acf10dc6cc883f3e24ee4012371399a38",
                "sha256:37205cac2a79194e3750b0af2a5720d95f786a55ce7df90c3af697bfa100eaac",
                "sha256:3c112550557578c26af18a1ccc9e090bfe03832ae994343cfdacd287db6a6ae7",
                "sha256:3dd007d54ee88b46be476e293f48c85048603f5f516008bee124ddd891398ed6",
                "sha256:4296f2b1ce8c86a6aea78613c34bb1a672ea0e3de9c6ba08a960efe0b0a09047",
                "sha256:47ab1e7b91c098ab893b828deafa1203de86d0bc6ab587b160f78fe6c4011f75",
                "sha256:49e3ceeabbfb9d66c3aef5af3a60cc43b85c33df25ce03d0031a608b0a8b2e3f",
                "sha256:4dc8f9fb58f7364b63fd9f85013b780ef83c11857ae79f2feda41e270468dd9b",
                "sha256:4efca8f86c54b22348a5467704e3fec767b2db12fc39c6d963168ab1d3fc9135",
                "sha256:53edb4da6925ad13c07b6d26c2a852bd81e364f95301c66e930ab2aef5b5ddd8",
                "sha256:5855f8438a7d1d458206a2466bf82b0f104a3724bf96a1c781ab731e4201731a",
                "sha256:594c67807fb16238b30c44bdf74f36c02cdf22d1c8cda91ef8a0ed8dabf5620a",
                "sha256:5b6d930f030f8ed98e3e6c98ffa0652bdb82601e7a016ec2ab5d7ff23baa78d1",
                "sha256:5bb28c636d87e840583ee3adeb78172efc47c8b26127267f54a9c0ec251d41a9",
                "sha256:60bf42e36abfaf9aff1f50f52644b336d4f0a3fd6d8a60ca0d054ac9f713a864",
                "sha256:611d1ad9a4288cf3e3c16014564df047fe08410e628f89805e475368bd304914",
                "sha256:6300b8454aa6930a24b9618fbb54b5a68135092bc666f7b06901f897fa5c2fee",
                "sha256:63f3268ba69ace99cab4e3e3b5840b03340efed0948ab8f78d2fd87ee5442a4f",
                "sha256:6557b31b5e2c9ddf0de32a691f2312a32f77cd7681d8af66c2692efdbef84c18",
                "sha256:693ce3f9e70a6cf7d2fb9e6c9d8b204b6b39897a2c4a1aa65728d5ac97dcc1d8",
                "sha256:6a7fae0dd14cf60ad5ff42baa2e95727c3d81ded453457771d02b7d2b3f9c0c2",
                "sha256:6c4ca60fa24e85fe25b912b01e62cb969d69a23a5d5867682dd3e80b5b02581d",
                "sha256:6fcf051089389abe060c9cd7caa212c707e58153afa2c649f00346ce6d260f1b",
                "sha256:7d91275b0245b1da4d4cfa07e0faedd5b0812efc15b702576d103293e252af1b",
                "sha256:89c687013cb1cd489a0f0ac24febe8c7a666e6e221b783e53ac50ebf68e45d86",
                "sha256:8d206346619592c6200148b01a2142798c989edcb9c896f9ac9722a99d4e77e6",
                "sha256:905fec760bd2fa1388bb5b489ee8ee5f7291d692638ea5f67982d968366bef9f",
                "sha256:97383d78eb34da7e1fa37dd273c20ad4320929af65d156e35a5e2d89566d9dfb",
                "sha256:984d76483eb32f1bcb536dc27e4ad56bba4baa70be32fa87152832cdd9db0833",
                "sha256:99df47edb6bda1249d3e80fdabb1dab8c08ef3975f69aed437cb69d0a5de1e28",
                "sha256:9f02365d4e99430a12647f09b6cc8bab61a6564363f313126f775eb4f6ef798e",
                "sha256:a30e67a65b53ea0a5e62fe23682cfe22712e01f453b95233b25502f7c61cb415",
                "sha256:ab3ef638ace319fa26553db0624c4699e31a28bb2a835c5faca8f8acf6a5a902",
                "sha256:aca6377c0cb8a8253e493c6b451565ac77e98c2951c45f913e0b52facdcff83f",
                "sha256:add36cb2dbb8b736611303cd3bfcee00afd96471b09cda130da3581cbdc56a6d",
                "sha256:b2f4bf27480f5e5e8ce285a8c8fd176c0b03e93dcc6646477d4630e83440c6a9",
                "sha256:b7f2d075102dc8c794cbde1947378051c4e5180d52d276987b8d28a3bd58c17d",
                "sha256:baa1a4e8f868845af802979fcdbf0bb11f94f1cb7ced4c4b8a351bb60d108145",
                "sha256:be98f628055368795d818ebf93da628541e10b75b41c559fdf36d104c5787066",
                "sha256:bf5d821ffabf0ef3533c39c518f3357b171a1651c1ff6827325e4489b0e46c3c",
                "sha256:c47adbc92fc1bb2b3274c4b3a43ae0e4573d9fbff4f54cd484555edbf030baf1",
                "sha256:cdfba22ea2f0029c9261a4bd07e830a8da012291fbe44dc794e488b6c9bb353a",
                "sha256:d6c7ebd4e944c85e2c3421e612a7057a2f48d478d79e61800d81468a8d842207",
                "sha256:d7f9850398e85aba693bb640262d3611788b1f29a79f0c93c565694658f4071f",
                "sha256:d8446c54dc28c01e5a2dbac5a25f071f6653e6e40f3a8818e8b45d790fe6ef53",
                "sha256:deb993cacb280823246a026e3b2d81c493c53de6acfd5e6bfe31ab3402bb37dd",
                "sha256:e0f138900af21926a02425cf736db95be9f4af72ba1bb21453432a07f6082134",
                "sha256:e9936f0b261d4df76ad22f8fee3ae83b60d7c3e871292cd42f40b81b70afae85",
                "sha256:f0567c4dc99f264f49fe27da5f735f414c4e7e7dd850cfd8e69f0862d7c74ea9",
                "sha256:f5653a225f31e113b152e56f154ccbe59eeb1c7487b39b9d9f9cdb58e6c79dc5",
                "sha256:f826e31d18b516f653fe296d967d700fddad5901ae07c622bb3705955e1faa94",
                "sha256:f8ba0e8349a38d3001fae7eadded3f6606f0da5d748ee53cc1dab1d6527b9509",
                "sha256:f9081981fe268bd86831e5c75f7de206ef275defcb82bc70740ae6dc507aee51",
                "sha256:fa130dd50c57d53368c9d59395cb5526eda596d3ffe36666cd81a44d56e48872"
            ],
            "markers": "python_version >= '3.6'",
            "version": "==2.0.1"
        },
        "more-itertools": {
            "hashes": [
                "sha256:1bc4f91ee5b1b31ac7ceacc17c09befe6a40a503907baf9c839c229b5095cfd2",
                "sha256:c09443cd3d5438b8dafccd867a6bc1cb0894389e90cb53d227456b0b0bccb750"
            ],
            "markers": "python_version >= '3.5'",
            "version": "==8.14.0"
        },
        "networkx": {
            "hashes": [
                "sha256:64272ca418972b70a196cb15d9c85a5a6041f09a2f32e0d30c0255f25d458bb1"
            ],
            "version": "==2.1"
        },
        "packaging": {
            "hashes": [
                "sha256:5d50835fdf0a7edf0b55e311b7c887786504efea1177abd7e69329a8e5ea619e",
                "sha256:99276dc6e3a7851f32027a68f1095cd3f77c148091b092ea867a351811cfe388"
            ],
            "version": "==16.8"
        },
        "pkginfo": {
            "hashes": [
                "sha256:4b7a555a6d5a22169fcc9cf7bfd78d296b0361adad412a346c1226849af5e546",
                "sha256:8fd5896e8718a4372f0ea9cc9d96f6417c9b986e23a4d116dda26b62cc29d046"
            ],
            "markers": "python_version >= '3.6'",
            "version": "==1.9.6"
        },
        "pluggy": {
            "hashes": [
                "sha256:15b2acde666561e1298d71b523007ed7364de07029219b604cf808bfa1c765b0",
                "sha256:966c145cd83c96502c3c3868f50408687b38434af77734af1e9ca461a4081d2d"
            ],
            "markers": "python_version >= '2.7' and python_version not in '3.0, 3.1, 3.2, 3.3'",
            "version": "==0.13.1"
        },
        "py": {
            "hashes": [
                "sha256:51c75c4126074b472f746a24399ad32f6053d1b34b68d2fa41e558e6f4a98719",
                "sha256:607c53218732647dff4acdfcd50cb62615cedf612e72d1724fb1a0cc6405b378"
            ],
            "markers": "python_version >= '2.7' and python_version not in '3.0, 3.1, 3.2, 3.3, 3.4'",
            "version": "==1.11.0"
        },
        "pycparser": {
            "hashes": [
                "sha256:8ee45429555515e1f6b185e78100aea234072576aa43ab53aefcae078162fca9",
                "sha256:e644fdec12f7872f86c58ff790da456218b10f863970249516d60a5eaca77206"
            ],
            "version": "==2.21"
        },
        "pygments": {
            "hashes": [
                "sha256:b3ed06a9e8ac9a9aae5a6f5dbe78a8a58655d17b43b93c078f094ddc476ae297",
                "sha256:fa7bd7bd2771287c0de303af8bfdfc731f51bd2c6a47ab69d117138893b82717"
            ],
            "markers": "python_version >= '3.6'",
            "version": "==2.14.0"
        },
        "pyparsing": {
            "hashes": [
                "sha256:2b020ecf7d21b687f219b71ecad3631f644a47f01403fa1d1036b0c6416d70fb",
                "sha256:5026bae9a10eeaefb61dab2f09052b9f4307d44aee4eda64b309723d8d206bbc"
            ],
            "markers": "python_full_version >= '3.6.8'",
            "version": "==3.0.9"
        },
        "pytest": {
            "hashes": [
                "sha256:1d122e8be54d1a709e56f82e2d85dcba3018313d64647f38a91aec88c239b600",
                "sha256:c13d1943c63e599b98cf118fcb9703e4d7bde7caa9a432567bcdcae4bf512d20"
            ],
            "index": "pypi",
            "version": "==5.3.4"
        },
        "pytest-cleanup": {
            "hashes": [
                "sha256:647b076f59eebd90001f67a4cd8392a2dcb9e618f47ce94bd794e65ab199d979",
                "sha256:77dc17b8b76cbb9151ef8e11596e499b381dac2484f864f7db1c7cca451575e2"
            ],
            "index": "pypi",
            "version": "==0.2"
        },
        "pytest-cov": {
            "hashes": [
                "sha256:cc6742d8bac45070217169f5f72ceee1e0e55b0221f54bcf24845972d3a47f2b",
                "sha256:cdbdef4f870408ebdbfeb44e63e07eb18bb4619fae852f6e760645fa36172626"
            ],
            "index": "pypi",
            "version": "==2.8.1"
        },
        "pytest-progress": {
            "hashes": [
                "sha256:1cd7e81c581fd31afce8ace3bec45d4a244d7ef3ac2001b5c2afaff4d2302a8f"
            ],
            "index": "pypi",
            "version": "==1.2.1"
        },
        "python-dateutil": {
            "hashes": [
                "sha256:0123cacc1627ae19ddf3c27a5de5bd67ee4586fbdd6440d9748f8abb483d3e86",
                "sha256:961d03dc3453ebbc59dbdea9e4e11c5651520a876d0f4db161e8674aae935da9"
            ],
            "markers": "python_version >= '2.7' and python_version not in '3.0, 3.1, 3.2, 3.3'",
            "version": "==2.8.2"
        },
        "pyyaml": {
            "hashes": [
                "sha256:08682f6b72c722394747bddaf0aa62277e02557c0fd1c42cb853016a38f8dedf",
                "sha256:0f5f5786c0e09baddcd8b4b45f20a7b5d61a7e7e99846e3c799b05c7c53fa696",
                "sha256:129def1b7c1bf22faffd67b8f3724645203b79d8f4cc81f674654d9902cb4393",
                "sha256:294db365efa064d00b8d1ef65d8ea2c3426ac366c0c4368d930bf1c5fb497f77",
                "sha256:3b2b1824fe7112845700f815ff6a489360226a5609b96ec2190a45e62a9fc922",
                "sha256:3bd0e463264cf257d1ffd2e40223b197271046d09dadf73a0fe82b9c1fc385a5",
                "sha256:4465124ef1b18d9ace298060f4eccc64b0850899ac4ac53294547536533800c8",
                "sha256:49d4cdd9065b9b6e206d0595fee27a96b5dd22618e7520c33204a4a3239d5b10",
                "sha256:4e0583d24c881e14342eaf4ec5fbc97f934b999a6828693a99157fde912540cc",
                "sha256:5accb17103e43963b80e6f837831f38d314a0495500067cb25afab2e8d7a4018",
                "sha256:607774cbba28732bfa802b54baa7484215f530991055bb562efbed5b2f20a45e",
                "sha256:6c78645d400265a062508ae399b60b8c167bf003db364ecb26dcab2bda048253",
                "sha256:72a01f726a9c7851ca9bfad6fd09ca4e090a023c00945ea05ba1638c09dc3347",
                "sha256:74c1485f7707cf707a7aef42ef6322b8f97921bd89be2ab6317fd782c2d53183",
                "sha256:895f61ef02e8fed38159bb70f7e100e00f471eae2bc838cd0f4ebb21e28f8541",
                "sha256:8c1be557ee92a20f184922c7b6424e8ab6691788e6d86137c5d93c1a6ec1b8fb",
                "sha256:bb4191dfc9306777bc594117aee052446b3fa88737cd13b7188d0e7aa8162185",
                "sha256:bfb51918d4ff3d77c1c856a9699f8492c612cde32fd3bcd344af9be34999bfdc",
                "sha256:c20cfa2d49991c8b4147af39859b167664f2ad4561704ee74c1de03318e898db",
                "sha256:cb333c16912324fd5f769fff6bc5de372e9e7a202247b48870bc251ed40239aa",
                "sha256:d2d9808ea7b4af864f35ea216be506ecec180628aced0704e34aca0b040ffe46",
                "sha256:d483ad4e639292c90170eb6f7783ad19490e7a8defb3e46f97dfe4bacae89122",
                "sha256:dd5de0646207f053eb0d6c74ae45ba98c3395a571a2891858e87df7c9b9bd51b",
                "sha256:e1d4970ea66be07ae37a3c2e48b5ec63f7ba6804bdddfdbd3cfd954d25a82e63",
                "sha256:e4fac90784481d221a8e4b1162afa7c47ed953be40d31ab4629ae917510051df",
                "sha256:fa5ae20527d8e831e8230cbffd9f8fe952815b2b7dae6ffec25318803a7528fc",
                "sha256:fd7f6999a8070df521b6384004ef42833b9bd62cfee11a09bda1079b4b704247",
                "sha256:fdc842473cd33f45ff6bce46aea678a54e3d21f1b61a7750ce3c498eedfe25d6",
                "sha256:fe69978f3f768926cfa37b867e3843918e012cf83f680806599ddce33c2c68b0"
            ],
            "markers": "python_version >= '2.7' and python_version not in '3.0, 3.1, 3.2, 3.3, 3.4, 3.5'",
            "version": "==5.4.1"
        },
        "readme-renderer": {
            "hashes": [
                "sha256:262510fe6aae81ed4e94d8b169077f325614c0b1a45916a80442c6576264a9c2",
                "sha256:dfb4d17f21706d145f7473e0b61ca245ba58e810cf9b2209a48239677f82e5b0"
            ],
            "markers": "python_version >= '3.6'",
            "version": "==34.0"
        },
        "requests": {
            "hashes": [
                "sha256:68d7c56fd5a8999887728ef304a6d12edc7be74f1cfa47714fc8b414525c9a61",
                "sha256:f22fa1e554c9ddfd16e6e41ac79759e17be9e492b3587efa038054674760e72d"
            ],
            "markers": "python_version >= '2.7' and python_version not in '3.0, 3.1, 3.2, 3.3, 3.4, 3.5'",
            "version": "==2.27.1"
        },
        "requests-toolbelt": {
            "hashes": [
                "sha256:18565aa58116d9951ac39baa288d3adb5b3ff975c4f25eee78555d89e8f247f7",
                "sha256:62e09f7ff5ccbda92772a29f394a49c3ad6cb181d568b1337626b2abb628a63d"
            ],
            "markers": "python_version >= '2.7' and python_version not in '3.0, 3.1, 3.2, 3.3'",
            "version": "==0.10.1"
        },
        "s3transfer": {
            "hashes": [
                "sha256:35627b86af8ff97e7ac27975fe0a98a312814b46c6333d8a6b889627bcd80994",
                "sha256:efa5bd92a897b6a8d5c1383828dca3d52d0790e0756d49740563a3fb6ed03246"
            ],
            "version": "==0.3.7"
        },
        "sceptre": {
            "hashes": [
                "sha256:d9a08b4592cc80f4672facd593eab938343c92ca7aa97253b9cf9ed726e348fd",
                "sha256:ddf929bc5d9211a545490ec67bfc7f7e10c1e176cc827d55552bfbc7093ea882"
            ],
            "index": "pypi",
            "version": "==2.2.1"
        },
        "secretstorage": {
            "hashes": [
                "sha256:2403533ef369eca6d2ba81718576c5e0f564d5cca1b58f73a8b23e7d4eeebd77",
                "sha256:f356e6628222568e3af06f2eba8df495efa13b3b63081dafd4f7d9a7b7bc9f99"
            ],
            "markers": "sys_platform == 'linux'",
            "version": "==3.3.3"
        },
        "setuptools": {
            "hashes": [
                "sha256:22c7348c6d2976a52632c67f7ab0cdf40147db7789f9aed18734643fe9cf3373",
                "sha256:4ce92f1e1f8f01233ee9952c04f6b81d1e02939d6e1b488428154974a4d0783e"
            ],
            "index": "pypi",
            "version": "==59.6.0"
        },
        "six": {
            "hashes": [
                "sha256:1e61c37477a1626458e36f7b1d82aa5c9b094fa4802892072e49de9c60c4c926",
                "sha256:8abb2f1d86890a2dfb989f9a77cfcfd3e47c2a354b01111771326f8aa26e0254"
            ],
            "markers": "python_version >= '2.7' and python_version not in '3.0, 3.1, 3.2, 3.3'",
            "version": "==1.16.0"
        },
        "tqdm": {
            "hashes": [
                "sha256:5f4f682a004951c1b450bc753c710e9280c5746ce6ffedee253ddbcbf54cf1e4",
                "sha256:6fee160d6ffcd1b1c68c65f14c829c22832bc401726335ce92c52d395944a6a1"
            ],
            "markers": "python_version >= '2.7' and python_version not in '3.0, 3.1, 3.2, 3.3'",
            "version": "==4.64.1"
        },
        "twine": {
            "hashes": [
                "sha256:c1af8ca391e43b0a06bbc155f7f67db0bf0d19d284bfc88d1675da497a946124",
                "sha256:d561a5e511f70275e5a485a6275ff61851c16ffcb3a95a602189161112d9f160"
            ],
            "index": "pypi",
            "version": "==3.1.1"
        },
        "typing": {
            "hashes": [
                "sha256:1187fb9c82fd670d10aa07bbb6cfcfe4bdda42d6fab8d5134f04e8c4d0b71cc9",
                "sha256:283d868f5071ab9ad873e5e52268d611e851c870a2ba354193026f2dfb29d8b5"
            ],
            "markers": "python_version >= '2.7' and python_version not in '3.0, 3.1, 3.2, 3.3'",
            "version": "==3.7.4.3"
        },
        "typing-extensions": {
            "hashes": [
                "sha256:1a9462dcc3347a79b1f1c0271fbe79e844580bb598bafa1ed208b94da3cdcd42",
                "sha256:21c85e0fe4b9a155d0799430b0ad741cdce7e359660ccbd8b530613e8df88ce2"
            ],
            "markers": "python_version < '3.8'",
            "version": "==4.1.1"
        },
        "urllib3": {
            "hashes": [
                "sha256:8d7eaa5a82a1cac232164990f04874c594c9453ec55eef02eab885aa02fc17a2",
                "sha256:f5321fbe4bf3fefa0efd0bfe7fb14e90909eb62a48ccda331726b4319897dd5e"
            ],
            "markers": "python_version != '3.4'",
            "version": "==1.25.11"
        },
        "wcwidth": {
            "hashes": [
                "sha256:795b138f6875577cd91bba52baf9e445cd5118fd32723b460e30a0af30ea230e",
                "sha256:a5220780a404dbe3353789870978e472cfe477761f06ee55077256e509b156d0"
            ],
            "version": "==0.2.6"
        },
        "webencodings": {
            "hashes": [
                "sha256:a0af1213f3c2226497a97e2b3aa01a7e4bee4f403f95be16fc9acd2947514a78",
                "sha256:b36a1c245f2d304965eb4e0a82848379241dc04b865afcc4aab16748587e1923"
            ],
            "version": "==0.5.1"
        },
        "wheel": {
            "hashes": [
                "sha256:10c9da68765315ed98850f8e048347c3eb06dd81822dc2ab1d4fde9dc9702646",
                "sha256:f4da1763d3becf2e2cd92a14a7c920f0f00eca30fdde9ea992c836685b9faf28"
            ],
            "index": "pypi",
            "version": "==0.33.6"
        },
        "zipp": {
            "hashes": [
                "sha256:71c644c5369f4a6e07636f0aa966270449561fcea2e3d6747b8d23efaa9d7832",
                "sha256:9fe5ea21568a0a70e50f273397638d39b03353731e6cbbb3fd8502a33fec40bc"
            ],
            "markers": "python_version >= '3.6'",
            "version": "==3.6.0"
        }
    },
    "develop": {}
}
